
Microsoft Visual Studio Solution File, Format Version 12.00
# Visual Studio Version 17
VisualStudioVersion = 17.1.32407.343
MinimumVisualStudioVersion = 10.0.40219.1
Project("{FAE04EC0-301F-11D3-BF4B-00C04F79EFBC}") = "session_4(2.0)", "session_4(2.0)\session_4(2.0).csproj", "{76BED553-34D3-43BB-A190-CDFD205C810D}"
EndProject
Global
	GlobalSection(SolutionConfigurationPlatforms) = preSolution
		Debug|Any CPU = Debug|Any CPU
		Release|Any CPU = Release|Any CPU
	EndGlobalSection
	GlobalSection(ProjectConfigurationPlatforms) = postSolution
		{76BED553-34D3-43BB-A190-CDFD205C810D}.Debug|Any CPU.ActiveCfg = Debug|Any CPU
		{76BED553-34D3-43BB-A190-CDFD205C810D}.Debug|Any CPU.Build.0 = Debug|Any CPU
		{76BED553-34D3-43BB-A190-CDFD205C810D}.Release|Any CPU.ActiveCfg = Release|Any CPU
		{76BED553-34D3-43BB-A190-CDFD205C810D}.Release|Any CPU.Build.0 = Release|Any CPU
	EndGlobalSection
	GlobalSection(SolutionProperties) = preSolution
		HideSolutionNode = FALSE
	EndGlobalSection
	GlobalSection(ExtensibilityGlobals) = postSolution
		SolutionGuid = {49A6537E-D5F5-4D9C-B9C6-D1D2CB1BCC97}
	EndGlobalSection
EndGlobal
